
Microsoft Visual Studio Solution File, Format Version 12.00
# Visual Studio Version 16
VisualStudioVersion = 16.0.31702.278
MinimumVisualStudioVersion = 10.0.40219.1
Project("{FAE04EC0-301F-11D3-BF4B-00C04F79EFBC}") = "CabInvoiceGenerator", "CabInvoiceGenerator.csproj", "{BFB50694-BE0D-4705-91BB-2DE8DC1447B8}"
EndProject
Project("{FAE04EC0-301F-11D3-BF4B-00C04F79EFBC}") = "CabFareTest", "..\CabFareTest\CabFareTest.csproj", "{F0741CD8-0BCB-4060-9E8E-D188E30598B6}"
EndProject
Global
	GlobalSection(SolutionConfigurationPlatforms) = preSolution
		Debug|Any CPU = Debug|Any CPU
		Release|Any CPU = Release|Any CPU
	EndGlobalSection
	GlobalSection(ProjectConfigurationPlatforms) = postSolution
		{BFB50694-BE0D-4705-91BB-2DE8DC1447B8}.Debug|Any CPU.ActiveCfg = Debug|Any CPU
		{BFB50694-BE0D-4705-91BB-2DE8DC1447B8}.Debug|Any CPU.Build.0 = Debug|Any CPU
		{BFB50694-BE0D-4705-91BB-2DE8DC1447B8}.Release|Any CPU.ActiveCfg = Release|Any CPU
		{BFB50694-BE0D-4705-91BB-2DE8DC1447B8}.Release|Any CPU.Build.0 = Release|Any CPU
		{F0741CD8-0BCB-4060-9E8E-D188E30598B6}.Debug|Any CPU.ActiveCfg = Debug|Any CPU
		{F0741CD8-0BCB-4060-9E8E-D188E30598B6}.Debug|Any CPU.Build.0 = Debug|Any CPU
		{F0741CD8-0BCB-4060-9E8E-D188E30598B6}.Release|Any CPU.ActiveCfg = Release|Any CPU
		{F0741CD8-0BCB-4060-9E8E-D188E30598B6}.Release|Any CPU.Build.0 = Release|Any CPU
	EndGlobalSection
	GlobalSection(SolutionProperties) = preSolution
		HideSolutionNode = FALSE
	EndGlobalSection
	GlobalSection(ExtensibilityGlobals) = postSolution
		SolutionGuid = {47224250-BF16-4428-A905-779F1D864751}
	EndGlobalSection
EndGlobal
